
Microsoft Visual Studio Solution File, Format Version 12.00
# Visual Studio Version 17
VisualStudioVersion = 17.7.34302.85
MinimumVisualStudioVersion = 10.0.40219.1
Project("{2150E333-8FDC-42A3-9474-1A3956D46DE8}") = "src", "src", "{4DA21129-4D80-4AEA-8097-E117C5A3CBDD}"
EndProject
Project("{FAE04EC0-301F-11D3-BF4B-00C04F79EFBC}") = "APIGateway.API", "APIGateway.API\APIGateway.API.csproj", "{8D62D4FF-A0E1-415B-B070-3D4586FC86AB}"
EndProject
Project("{2150E333-8FDC-42A3-9474-1A3956D46DE8}") = "APIGateway", "APIGateway", "{D20F76B5-B624-4DDE-A9AE-474F437B6336}"
EndProject
Project("{2150E333-8FDC-42A3-9474-1A3956D46DE8}") = "LibraryService", "LibraryService", "{3AD3C883-5A09-43C9-9DFF-4316F98D0F5A}"
EndProject
Project("{2150E333-8FDC-42A3-9474-1A3956D46DE8}") = "BookService", "BookService", "{4359A781-980A-464A-8BB3-F0B074E33E17}"
EndProject
Project("{2150E333-8FDC-42A3-9474-1A3956D46DE8}") = "AuthorService", "AuthorService", "{57721866-419A-417D-890C-95A035C4BA54}"
EndProject
Project("{2150E333-8FDC-42A3-9474-1A3956D46DE8}") = "EmployeeService", "EmployeeService", "{EFE39467-918E-4AFB-93AD-7A37D5A9A69C}"
EndProject
Project("{FAE04EC0-301F-11D3-BF4B-00C04F79EFBC}") = "AuthorAPI", "AuthorAPI\AuthorAPI.csproj", "{D7A66131-9307-4D3F-B864-C4597660C713}"
EndProject
Project("{FAE04EC0-301F-11D3-BF4B-00C04F79EFBC}") = "BookAPI", "BookAPI\BookAPI.csproj", "{59CD5B84-4881-4F2B-817A-96E641A00841}"
EndProject
Project("{FAE04EC0-301F-11D3-BF4B-00C04F79EFBC}") = "EmployeeAPI", "EmployeeAPI\EmployeeAPI.csproj", "{3915BED5-A532-4CFB-9F7E-EA6ADB3A20C8}"
EndProject
Project("{FAE04EC0-301F-11D3-BF4B-00C04F79EFBC}") = "LibraryAPI", "LibraryAPI\LibraryAPI.csproj", "{319254D0-37BE-4621-A3FF-49A5A4878793}"
EndProject
Global
	GlobalSection(SolutionConfigurationPlatforms) = preSolution
		Debug|Any CPU = Debug|Any CPU
		Release|Any CPU = Release|Any CPU
	EndGlobalSection
	GlobalSection(ProjectConfigurationPlatforms) = postSolution
		{8D62D4FF-A0E1-415B-B070-3D4586FC86AB}.Debug|Any CPU.ActiveCfg = Debug|Any CPU
		{8D62D4FF-A0E1-415B-B070-3D4586FC86AB}.Debug|Any CPU.Build.0 = Debug|Any CPU
		{8D62D4FF-A0E1-415B-B070-3D4586FC86AB}.Release|Any CPU.ActiveCfg = Release|Any CPU
		{8D62D4FF-A0E1-415B-B070-3D4586FC86AB}.Release|Any CPU.Build.0 = Release|Any CPU
		{D7A66131-9307-4D3F-B864-C4597660C713}.Debug|Any CPU.ActiveCfg = Debug|Any CPU
		{D7A66131-9307-4D3F-B864-C4597660C713}.Debug|Any CPU.Build.0 = Debug|Any CPU
		{D7A66131-9307-4D3F-B864-C4597660C713}.Release|Any CPU.ActiveCfg = Release|Any CPU
		{D7A66131-9307-4D3F-B864-C4597660C713}.Release|Any CPU.Build.0 = Release|Any CPU
		{59CD5B84-4881-4F2B-817A-96E641A00841}.Debug|Any CPU.ActiveCfg = Debug|Any CPU
		{59CD5B84-4881-4F2B-817A-96E641A00841}.Debug|Any CPU.Build.0 = Debug|Any CPU
		{59CD5B84-4881-4F2B-817A-96E641A00841}.Release|Any CPU.ActiveCfg = Release|Any CPU
		{59CD5B84-4881-4F2B-817A-96E641A00841}.Release|Any CPU.Build.0 = Release|Any CPU
		{3915BED5-A532-4CFB-9F7E-EA6ADB3A20C8}.Debug|Any CPU.ActiveCfg = Debug|Any CPU
		{3915BED5-A532-4CFB-9F7E-EA6ADB3A20C8}.Debug|Any CPU.Build.0 = Debug|Any CPU
		{3915BED5-A532-4CFB-9F7E-EA6ADB3A20C8}.Release|Any CPU.ActiveCfg = Release|Any CPU
		{3915BED5-A532-4CFB-9F7E-EA6ADB3A20C8}.Release|Any CPU.Build.0 = Release|Any CPU
		{319254D0-37BE-4621-A3FF-49A5A4878793}.Debug|Any CPU.ActiveCfg = Debug|Any CPU
		{319254D0-37BE-4621-A3FF-49A5A4878793}.Debug|Any CPU.Build.0 = Debug|Any CPU
		{319254D0-37BE-4621-A3FF-49A5A4878793}.Release|Any CPU.ActiveCfg = Release|Any CPU
		{319254D0-37BE-4621-A3FF-49A5A4878793}.Release|Any CPU.Build.0 = Release|Any CPU
	EndGlobalSection
	GlobalSection(SolutionProperties) = preSolution
		HideSolutionNode = FALSE
	EndGlobalSection
	GlobalSection(NestedProjects) = preSolution
		{8D62D4FF-A0E1-415B-B070-3D4586FC86AB} = {D20F76B5-B624-4DDE-A9AE-474F437B6336}
		{D20F76B5-B624-4DDE-A9AE-474F437B6336} = {4DA21129-4D80-4AEA-8097-E117C5A3CBDD}
		{3AD3C883-5A09-43C9-9DFF-4316F98D0F5A} = {4DA21129-4D80-4AEA-8097-E117C5A3CBDD}
		{4359A781-980A-464A-8BB3-F0B074E33E17} = {4DA21129-4D80-4AEA-8097-E117C5A3CBDD}
		{57721866-419A-417D-890C-95A035C4BA54} = {4DA21129-4D80-4AEA-8097-E117C5A3CBDD}
		{EFE39467-918E-4AFB-93AD-7A37D5A9A69C} = {4DA21129-4D80-4AEA-8097-E117C5A3CBDD}
		{D7A66131-9307-4D3F-B864-C4597660C713} = {57721866-419A-417D-890C-95A035C4BA54}
		{59CD5B84-4881-4F2B-817A-96E641A00841} = {4359A781-980A-464A-8BB3-F0B074E33E17}
		{3915BED5-A532-4CFB-9F7E-EA6ADB3A20C8} = {EFE39467-918E-4AFB-93AD-7A37D5A9A69C}
		{319254D0-37BE-4621-A3FF-49A5A4878793} = {3AD3C883-5A09-43C9-9DFF-4316F98D0F5A}
	EndGlobalSection
	GlobalSection(ExtensibilityGlobals) = postSolution
		SolutionGuid = {45E64C3E-0B83-49A1-B61D-587D7301BD87}
	EndGlobalSection
EndGlobal
